{
  "name": "@claude-harness/web",
  "version": "0.0.1",
  "lockfileVersion": 3,
  "requires": true,
  "packages": {
    "": {
      "name": "@claude-harness/web",
      "version": "0.0.1",
      "dependencies": {
        "@radix-ui/react-select": "^2.2.6",
        "@tailwindcss/typography": "^0.5.19",
        "@types/react-syntax-highlighter": "^15.5.13",
        "clsx": "^2.1.1",
        "flexsearch": "^0.7.43",
        "gray-matter": "^4.0.3",
        "lucide-react": "^1.7.0",
        "mermaid": "^11.13.0",
        "motion": "^12.38.0",
        "next": "^15.3.0",
        "next-intl": "^4.8.3",
        "next-mdx-remote": "^5.0.0",
        "react": "^19.1.0",
        "react-dom": "^19.1.0",
        "react-syntax-highlighter": "^16.1.1",
        "remark-gfm": "^4.0.1",
        "shiki": "^3.2.0",
        "tailwind-merge": "^3.5.0"
      },
      "devDependencies": {
        "@tailwindcss/postcss": "^4.1.0",
        "@types/node": "^22.0.0",
        "@types/react": "^19.1.0",
        "@types/react-dom": "^19.1.0",
        "tailwindcss": "^4.1.0",
        "typescript": "^5.7.0"
      }
    },
    "../../node_modules/.pnpm/@radix-ui+react-select@2.2.6_@types+react-dom@19.2.3_@types+react@19.2.14_react-dom@19.2.4_react@19.2.4/node_modules/@radix-ui/react-select": {
      "version": "2.2.6",
      "license": "MIT",
      "dependencies": {
        "@radix-ui/number": "1.1.1",
        "@radix-ui/primitive": "1.1.3",
        "@radix-ui/react-collection": "1.1.7",
        "@radix-ui/react-compose-refs": "1.1.2",
        "@radix-ui/react-context": "1.1.2",
        "@radix-ui/react-direction": "1.1.1",
        "@radix-ui/react-dismissable-layer": "1.1.11",
        "@radix-ui/react-focus-guards": "1.1.3",
        "@radix-ui/react-focus-scope": "1.1.7",
        "@radix-ui/react-id": "1.1.1",
        "@radix-ui/react-popper": "1.2.8",
        "@radix-ui/react-portal": "1.1.9",
        "@radix-ui/react-primitive": "2.1.3",
        "@radix-ui/react-slot": "1.2.3",
        "@radix-ui/react-use-callback-ref": "1.1.1",
        "@radix-ui/react-use-controllable-state": "1.2.2",
        "@radix-ui/react-use-layout-effect": "1.1.1",
        "@radix-ui/react-use-previous": "1.1.1",
        "@radix-ui/react-visually-hidden": "1.2.3",
        "aria-hidden": "^1.2.4",
        "react-remove-scroll": "^2.6.3"
      },
      "devDependencies": {
        "@repo/builder": "0.0.0",
        "@repo/eslint-config": "0.0.0",
        "@repo/test-data": "0.0.0",
        "@repo/typescript-config": "0.0.0",
        "@types/react": "^19.0.7",
        "@types/react-dom": "^19.0.3",
        "eslint": "^9.18.0",
        "react": "^19.1.0",
        "react-dom": "^19.1.0",
        "typescript": "^5.7.3"
      },
      "peerDependencies": {
        "@types/react": "*",
        "@types/react-dom": "*",
        "react": "^16.8 || ^17.0 || ^18.0 || ^19.0 || ^19.0.0-rc",
        "react-dom": "^16.8 || ^17.0 || ^18.0 || ^19.0 || ^19.0.0-rc"
      },
      "peerDependenciesMeta": {
        "@types/react": {
          "optional": true
        },
        "@types/react-dom": {
          "optional": true
        }
      }
    },
    "../../node_modules/.pnpm/@tailwindcss+postcss@4.2.2/node_modules/@tailwindcss/postcss": {
      "version": "4.2.2",
      "dev": true,
      "license": "MIT",
      "dependencies": {
        "@alloc/quick-lru": "^5.2.0",
        "@tailwindcss/node": "4.2.2",
        "@tailwindcss/oxide": "4.2.2",
        "postcss": "^8.5.6",
        "tailwindcss": "4.2.2"
      },
      "devDependencies": {
        "@types/node": "^20.19.0",
        "@types/postcss-import": "14.0.3",
        "dedent": "1.7.1",
        "internal-example-plugin": "0.0.0",
        "postcss-import": "^16.1.1"
      }
    },
    "../../node_modules/.pnpm/@tailwindcss+typography@0.5.19_tailwindcss@4.2.2/node_modules/@tailwindcss/typography": {
      "version": "0.5.19",
      "license": "MIT",
      "dependencies": {
        "postcss-selector-parser": "6.0.10"
      },
      "devDependencies": {
        "@mdx-js/loader": "^1.0.19",
        "@mdx-js/mdx": "^1.6.6",
        "@next/mdx": "^8.1.0",
        "autoprefixer": "^10.2.1",
        "highlight.js": "^10.4.1",
        "jest": "^29.7.0",
        "jest-diff": "^27.3.1",
        "next": "^12.0.1",
        "postcss": "^8.2.3",
        "prettier": "^2.1.2",
        "react": "^17.0.2",
        "react-dom": "^17.0.2",
        "tailwindcss": "^3.2.2"
      },
      "peerDependencies": {
        "tailwindcss": ">=3.0.0 || insiders || >=4.0.0-alpha.20 || >=4.0.0-beta.1"
      }
    },
    "../../node_modules/.pnpm/@types+node@22.19.15/node_modules/@types/node": {
      "version": "22.19.15",
      "dev": true,
      "license": "MIT",
      "dependencies": {
        "undici-types": "~6.21.0"
      }
    },
    "../../node_modules/.pnpm/@types+react-dom@19.2.3_@types+react@19.2.14/node_modules/@types/react-dom": {
      "version": "19.2.3",
      "dev": true,
      "license": "MIT",
      "peerDependencies": {
        "@types/react": "^19.2.0"
      }
    },
    "../../node_modules/.pnpm/@types+react@19.2.14/node_modules/@types/react": {
      "version": "19.2.14",
      "license": "MIT",
      "dependencies": {
        "csstype": "^3.2.2"
      }
    },
    "../../node_modules/.pnpm/flexsearch@0.7.43/node_modules/flexsearch": {
      "version": "0.7.43",
      "license": "Apache-2.0",
      "devDependencies": {
        "babel-cli": "^6.26.0",
        "babel-plugin-conditional-compile": "^0.0.5",
        "babel-plugin-minify-constant-folding": "^0.5.0",
        "babel-plugin-minify-dead-code-elimination": "^0.5.2",
        "babel-plugin-minify-flip-comparisons": "^0.4.3",
        "babel-plugin-minify-guarded-expressions": "^0.4.4",
        "babel-plugin-minify-infinity": "^0.4.3",
        "babel-plugin-minify-mangle-names": "^0.5.1",
        "babel-plugin-minify-replace": "^0.5.0",
        "babel-plugin-minify-simplify": "^0.5.1",
        "babel-plugin-minify-type-constructors": "^0.4.3",
        "babel-plugin-transform-member-expression-literals": "^6.9.4",
        "babel-plugin-transform-merge-sibling-variables": "^6.9.5",
        "babel-plugin-transform-minify-booleans": "^6.9.4",
        "babel-plugin-transform-property-literals": "^6.9.4",
        "babel-plugin-transform-simplify-comparison-operators": "^6.9.4",
        "babel-plugin-transform-undefined-to-void": "^6.9.4",
        "google-closure-compiler": "^20230802.0.0"
      }
    },
    "../../node_modules/.pnpm/gray-matter@4.0.3/node_modules/gray-matter": {
      "version": "4.0.3",
      "license": "MIT",
      "dependencies": {
        "js-yaml": "^3.13.1",
        "kind-of": "^6.0.2",
        "section-matter": "^1.0.0",
        "strip-bom-string": "^1.0.0"
      },
      "devDependencies": {
        "ansi-green": "^0.1.1",
        "benchmarked": "^2.0.0",
        "coffeescript": "^2.2.3",
        "delimiter-regex": "^2.0.0",
        "extend-shallow": "^3.0.2",
        "front-matter": "^2.3.0",
        "gulp-format-md": "^1.0.0",
        "minimist": "^1.2.0",
        "mocha": "^6.1.4",
        "toml": "^2.3.3",
        "vinyl": "^2.1.0",
        "write": "^1.0.3"
      },
      "engines": {
        "node": ">=6.0"
      }
    },
    "../../node_modules/.pnpm/mermaid@11.13.0/node_modules/mermaid": {
      "version": "11.13.0",
      "license": "MIT",
      "dependencies": {
        "@braintree/sanitize-url": "^7.1.1",
        "@iconify/utils": "^3.0.2",
        "@mermaid-js/parser": "^1.0.1",
        "@types/d3": "^7.4.3",
        "@upsetjs/venn.js": "^2.0.0",
        "cytoscape": "^3.33.1",
        "cytoscape-cose-bilkent": "^4.1.0",
        "cytoscape-fcose": "^2.2.0",
        "d3": "^7.9.0",
        "d3-sankey": "^0.12.3",
        "dagre-d3-es": "7.0.14",
        "dayjs": "^1.11.19",
        "dompurify": "^3.3.1",
        "katex": "^0.16.25",
        "khroma": "^2.1.0",
        "lodash-es": "^4.17.23",
        "marked": "^16.3.0",
        "roughjs": "^4.6.6",
        "stylis": "^4.3.6",
        "ts-dedent": "^2.2.0",
        "uuid": "^11.1.0"
      },
      "devDependencies": {
        "@adobe/jsonschema2md": "^8.0.8",
        "@iconify/types": "^2.0.0",
        "@types/cytoscape": "^3.21.9",
        "@types/cytoscape-fcose": "^2.2.5",
        "@types/d3-sankey": "^0.12.5",
        "@types/d3-scale": "^4.0.9",
        "@types/d3-scale-chromatic": "^3.1.0",
        "@types/d3-selection": "^3.0.11",
        "@types/d3-shape": "^3.1.7",
        "@types/jsdom": "^21.1.7",
        "@types/katex": "^0.16.7",
        "@types/lodash-es": "^4.17.12",
        "@types/micromatch": "^4.0.10",
        "@types/stylis": "^4.2.7",
        "@types/uuid": "^10.0.0",
        "ajv": "^8.17.1",
        "canvas": "^3.2.0",
        "chokidar": "3.6.0",
        "concurrently": "^9.2.1",
        "csstree-validator": "^4.0.1",
        "globby": "^14.1.0",
        "jison": "^0.4.18",
        "js-base64": "^3.7.8",
        "jsdom": "^26.1.0",
        "json-schema-to-typescript": "^15.0.4",
        "micromatch": "^4.0.8",
        "path-browserify": "^1.0.1",
        "prettier": "^3.6.2",
        "remark": "^15.0.1",
        "remark-frontmatter": "^5.0.0",
        "remark-gfm": "^4.0.1",
        "rimraf": "^6.0.1",
        "start-server-and-test": "^2.1.3",
        "type-fest": "^4.41.0",
        "typedoc": "^0.28.15",
        "typedoc-plugin-markdown": "^4.8.1",
        "typescript": "~5.7.3",
        "unist-util-flatmap": "^1.0.0",
        "unist-util-visit": "^5.0.0",
        "vitepress": "^1.6.4",
        "vitepress-plugin-search": "1.0.4-alpha.22"
      }
    },
    "../../node_modules/.pnpm/next-intl@4.8.3_next@15.5.14_react@19.2.4_typescript@5.9.3/node_modules/next-intl": {
      "version": "4.8.3",
      "funding": [
        {
          "type": "individual",
          "url": "https://github.com/sponsors/amannn"
        }
      ],
      "license": "MIT",
      "dependencies": {
        "@formatjs/intl-localematcher": "^0.8.1",
        "@parcel/watcher": "^2.4.1",
        "@swc/core": "^1.15.2",
        "icu-minify": "^4.8.3",
        "negotiator": "^1.0.0",
        "next-intl-swc-plugin-extractor": "^4.8.3",
        "po-parser": "^2.1.1",
        "use-intl": "^4.8.3"
      },
      "peerDependencies": {
        "next": "^12.0.0 || ^13.0.0 || ^14.0.0 || ^15.0.0 || ^16.0.0",
        "react": "^16.8.0 || ^17.0.0 || ^18.0.0 || >=19.0.0-rc <19.0.0 || ^19.0.0",
        "typescript": "^5.0.0"
      },
      "peerDependenciesMeta": {
        "typescript": {
          "optional": true
        }
      }
    },
    "../../node_modules/.pnpm/next-mdx-remote@5.0.0_@types+react@19.2.14_react@19.2.4/node_modules/next-mdx-remote": {
      "version": "5.0.0",
      "license": "MPL-2.0",
      "dependencies": {
        "@babel/code-frame": "^7.23.5",
        "@mdx-js/mdx": "^3.0.1",
        "@mdx-js/react": "^3.0.1",
        "unist-util-remove": "^3.1.0",
        "vfile": "^6.0.1",
        "vfile-matter": "^5.0.0"
      },
      "devDependencies": {
        "@changesets/changelog-github": "^0.5.0",
        "@changesets/cli": "^2.27.1",
        "@hashicorp/remark-plugins": "^3.2.1",
        "@types/babel__code-frame": "^7.0.3",
        "@types/cross-spawn": "^6.0.2",
        "@types/node": "^18.11.9",
        "@types/puppeteer": "^5.4.4",
        "@types/react": "^18.2.65",
        "@types/react-dom": "^18.2.22",
        "@types/rmfr": "^2.0.1",
        "@types/serve-handler": "^6.1.1",
        "cheerio": "^1.0.0-rc.10",
        "cross-spawn": "^7.0.3",
        "husky": "^4.3.6",
        "next": "^13.1.2",
        "prettier": "^2.4.1",
        "pretty-quick": "^3.1.1",
        "puppeteer": "^10.4.0",
        "react": "^18.2.0",
        "react-dom": "^18.2.0",
        "release": "^6.3.0",
        "rmfr": "^2.0.0",
        "serve-handler": "^6.1.3",
        "tree-kill": "^1.2.2",
        "typescript": "^5.4.2",
        "vitest": "^1.3.1"
      },
      "engines": {
        "node": ">=14",
        "npm": ">=7"
      },
      "peerDependencies": {
        "react": ">=16"
      }
    },
    "../../node_modules/.pnpm/next@15.5.14_react-dom@19.2.4_react@19.2.4/node_modules/next": {
      "version": "15.5.14",
      "license": "MIT",
      "dependencies": {
        "@next/env": "15.5.14",
        "@swc/helpers": "0.5.15",
        "caniuse-lite": "^1.0.30001579",
        "postcss": "8.4.31",
        "styled-jsx": "5.1.6"
      },
      "bin": {
        "next": "dist/bin/next"
      },
      "devDependencies": {
        "@ampproject/toolbox-optimizer": "2.8.3",
        "@babel/code-frame": "7.26.2",
        "@babel/core": "7.26.10",
        "@babel/eslint-parser": "7.24.6",
        "@babel/generator": "7.27.0",
        "@babel/plugin-syntax-bigint": "7.8.3",
        "@babel/plugin-syntax-dynamic-import": "7.8.3",
        "@babel/plugin-syntax-import-attributes": "7.26.0",
        "@babel/plugin-syntax-jsx": "7.25.9",
        "@babel/plugin-syntax-typescript": "7.25.4",
        "@babel/plugin-transform-class-properties": "7.25.9",
        "@babel/plugin-transform-export-namespace-from": "7.25.9",
        "@babel/plugin-transform-modules-commonjs": "7.26.3",
        "@babel/plugin-transform-numeric-separator": "7.25.9",
        "@babel/plugin-transform-object-rest-spread": "7.25.9",
        "@babel/plugin-transform-runtime": "7.26.10",
        "@babel/preset-env": "7.26.9",
        "@babel/preset-react": "7.26.3",
        "@babel/preset-typescript": "7.27.0",
        "@babel/runtime": "7.27.0",
        "@babel/traverse": "7.27.0",
        "@babel/types": "7.27.0",
        "@base-ui-components/react": "1.0.0-beta.2",
        "@capsizecss/metrics": "3.4.0",
        "@edge-runtime/cookies": "6.0.0",
        "@edge-runtime/ponyfill": "4.0.0",
        "@edge-runtime/primitives": "6.0.0",
        "@hapi/accept": "5.0.2",
        "@jest/transform": "29.5.0",
        "@jest/types": "29.5.0",
        "@mswjs/interceptors": "0.23.0",
        "@napi-rs/triples": "1.2.0",
        "@next/font": "15.5.14",
        "@next/polyfill-module": "15.5.14",
        "@next/polyfill-nomodule": "15.5.14",
        "@next/react-refresh-utils": "15.5.14",
        "@next/swc": "15.5.14",
        "@opentelemetry/api": "1.6.0",
        "@playwright/test": "1.51.1",
        "@rspack/core": "1.4.5",
        "@storybook/addon-a11y": "8.6.0",
        "@storybook/addon-essentials": "8.6.0",
        "@storybook/addon-interactions": "8.6.0",
        "@storybook/addon-webpack5-compiler-swc": "3.0.0",
        "@storybook/blocks": "8.6.0",
        "@storybook/react": "8.6.0",
        "@storybook/react-webpack5": "8.6.0",
        "@storybook/test": "8.6.0",
        "@storybook/test-runner": "0.21.0",
        "@swc/core": "1.11.24",
        "@swc/types": "0.1.7",
        "@taskr/clear": "1.1.0",
        "@taskr/esnext": "1.1.0",
        "@types/amphtml-validator": "1.0.0",
        "@types/babel__code-frame": "7.0.6",
        "@types/babel__core": "7.20.5",
        "@types/babel__generator": "7.27.0",
        "@types/babel__template": "7.4.4",
        "@types/babel__traverse": "7.20.7",
        "@types/bytes": "3.1.1",
        "@types/ci-info": "2.0.0",
        "@types/compression": "0.0.36",
        "@types/content-disposition": "0.5.4",
        "@types/content-type": "1.1.3",
        "@types/cookie": "0.3.3",
        "@types/cross-spawn": "6.0.0",
        "@types/debug": "4.1.5",
        "@types/express-serve-static-core": "4.17.33",
        "@types/fresh": "0.5.0",
        "@types/glob": "7.1.1",
        "@types/jsonwebtoken": "9.0.0",
        "@types/lodash": "4.14.198",
        "@types/lodash.curry": "4.1.6",
        "@types/path-to-regexp": "1.7.0",
        "@types/picomatch": "2.3.3",
        "@types/platform": "1.3.4",
        "@types/react": "19.0.8",
        "@types/react-dom": "19.0.3",
        "@types/react-is": "18.2.4",
        "@types/semver": "7.3.1",
        "@types/send": "0.14.4",
        "@types/shell-quote": "1.7.1",
        "@types/tar": "6.1.5",
        "@types/text-table": "0.2.1",
        "@types/ua-parser-js": "0.7.36",
        "@types/webpack-sources1": "npm:@types/webpack-sources@0.1.5",
        "@types/ws": "8.2.0",
        "@vercel/ncc": "0.34.0",
        "@vercel/nft": "0.27.1",
        "@vercel/turbopack-ecmascript-runtime": "*",
        "acorn": "8.14.0",
        "amphtml-validator": "1.0.38",
        "anser": "1.4.9",
        "arg": "4.1.0",
        "assert": "2.0.0",
        "async-retry": "1.2.3",
        "async-sema": "3.0.0",
        "axe-playwright": "2.0.3",
        "babel-loader": "10.0.0",
        "babel-plugin-react-compiler": "19.1.0-rc.2",
        "babel-plugin-transform-define": "2.0.0",
        "babel-plugin-transform-react-remove-prop-types": "0.4.24",
        "browserify-zlib": "0.2.0",
        "browserslist": "4.24.4",
        "buffer": "5.6.0",
        "busboy": "1.6.0",
        "bytes": "3.1.1",
        "ci-info": "watson/ci-info#f43f6a1cefff47fb361c88cf4b943fdbcaafe540",
        "cli-select": "1.1.2",
        "client-only": "0.0.1",
        "commander": "12.1.0",
        "comment-json": "3.0.3",
        "compression": "1.7.4",
        "conf": "5.0.0",
        "constants-browserify": "1.0.0",
        "content-disposition": "0.5.3",
        "content-type": "1.0.4",
        "cookie": "0.4.1",
        "cross-env": "6.0.3",
        "cross-spawn": "7.0.3",
        "crypto-browserify": "3.12.0",
        "css-loader": "7.1.2",
        "css.escape": "1.5.1",
        "cssnano-preset-default": "7.0.6",
        "data-uri-to-buffer": "3.0.1",
        "debug": "4.1.1",
        "devalue": "2.0.1",
        "domain-browser": "4.19.0",
        "edge-runtime": "4.0.1",
        "events": "3.3.0",
        "find-up": "4.1.0",
        "fresh": "0.5.2",
        "glob": "7.1.7",
        "gzip-size": "5.1.1",
        "http-proxy": "1.18.1",
        "http-proxy-agent": "5.0.0",
        "https-browserify": "1.0.0",
        "https-proxy-agent": "5.0.1",
        "icss-utils": "5.1.0",
        "ignore-loader": "0.1.2",
        "image-size": "1.2.1",
        "is-docker": "2.0.0",
        "is-wsl": "2.2.0",
        "jest-worker": "27.5.1",
        "json5": "2.2.3",
        "jsonwebtoken": "9.0.0",
        "loader-runner": "4.3.0",
        "loader-utils2": "npm:loader-utils@2.0.4",
        "loader-utils3": "npm:loader-utils@3.1.3",
        "lodash.curry": "4.1.1",
        "mini-css-extract-plugin": "2.4.4",
        "msw": "2.3.0",
        "nanoid": "3.1.32",
        "native-url": "0.3.4",
        "neo-async": "2.6.1",
        "node-html-parser": "5.3.3",
        "ora": "4.0.4",
        "os-browserify": "0.3.0",
        "p-limit": "3.1.0",
        "p-queue": "6.6.2",
        "path-browserify": "1.0.1",
        "path-to-regexp": "6.3.0",
        "picomatch": "4.0.1",
        "postcss-flexbugs-fixes": "5.0.2",
        "postcss-modules-extract-imports": "3.0.0",
        "postcss-modules-local-by-default": "4.2.0",
        "postcss-modules-scope": "3.0.0",
        "postcss-modules-values": "4.0.0",
        "postcss-preset-env": "7.4.3",
        "postcss-safe-parser": "6.0.0",
        "postcss-scss": "4.0.3",
        "postcss-value-parser": "4.2.0",
        "process": "0.11.10",
        "punycode": "2.1.1",
        "querystring-es3": "0.2.1",
        "raw-body": "2.4.1",
        "react-refresh": "0.12.0",
        "recast": "0.23.11",
        "regenerator-runtime": "0.13.4",
        "safe-stable-stringify": "2.5.0",
        "sass-loader": "15.0.0",
        "schema-utils2": "npm:schema-utils@2.7.1",
        "schema-utils3": "npm:schema-utils@3.0.0",
        "semver": "7.3.2",
        "send": "0.18.0",
        "server-only": "0.0.1",
        "setimmediate": "1.0.5",
        "shell-quote": "1.7.3",
        "source-map": "0.6.1",
        "source-map-loader": "5.0.0",
        "source-map08": "npm:source-map@0.8.0-beta.0",
        "stacktrace-parser": "0.1.10",
        "storybook": "8.6.0",
        "stream-browserify": "3.0.0",
        "stream-http": "3.1.1",
        "strict-event-emitter": "0.5.0",
        "string_decoder": "1.3.0",
        "string-hash": "1.1.3",
        "strip-ansi": "6.0.0",
        "style-loader": "4.0.0",
        "superstruct": "1.0.3",
        "tar": "6.1.15",
        "taskr": "1.1.0",
        "terser": "5.27.0",
        "terser-webpack-plugin": "5.3.9",
        "text-table": "0.2.0",
        "timers-browserify": "2.0.12",
        "tty-browserify": "0.0.1",
        "typescript": "5.8.2",
        "ua-parser-js": "1.0.35",
        "unistore": "3.4.1",
        "util": "0.12.4",
        "vm-browserify": "1.1.2",
        "watchpack": "2.4.0",
        "web-vitals": "4.2.1",
        "webpack": "5.98.0",
        "webpack-sources1": "npm:webpack-sources@1.4.3",
        "webpack-sources3": "npm:webpack-sources@3.2.3",
        "ws": "8.2.3",
        "zod": "3.25.76",
        "zod-validation-error": "3.4.0"
      },
      "engines": {
        "node": "^18.18.0 || ^19.8.0 || >= 20.0.0"
      },
      "optionalDependencies": {
        "@next/swc-darwin-arm64": "15.5.14",
        "@next/swc-darwin-x64": "15.5.14",
        "@next/swc-linux-arm64-gnu": "15.5.14",
        "@next/swc-linux-arm64-musl": "15.5.14",
        "@next/swc-linux-x64-gnu": "15.5.14",
        "@next/swc-linux-x64-musl": "15.5.14",
        "@next/swc-win32-arm64-msvc": "15.5.14",
        "@next/swc-win32-x64-msvc": "15.5.14",
        "sharp": "^0.34.3"
      },
      "peerDependencies": {
        "@opentelemetry/api": "^1.1.0",
        "@playwright/test": "^1.51.1",
        "babel-plugin-react-compiler": "*",
        "react": "^18.2.0 || 19.0.0-rc-de68d2f4-20241204 || ^19.0.0",
        "react-dom": "^18.2.0 || 19.0.0-rc-de68d2f4-20241204 || ^19.0.0",
        "sass": "^1.3.0"
      },
      "peerDependenciesMeta": {
        "@opentelemetry/api": {
          "optional": true
        },
        "@playwright/test": {
          "optional": true
        },
        "babel-plugin-react-compiler": {
          "optional": true
        },
        "sass": {
          "optional": true
        }
      }
    },
    "../../node_modules/.pnpm/react-dom@19.2.4_react@19.2.4/node_modules/react-dom": {
      "version": "19.2.4",
      "license": "MIT",
      "dependencies": {
        "scheduler": "^0.27.0"
      },
      "peerDependencies": {
        "react": "^19.2.4"
      }
    },
    "../../node_modules/.pnpm/react@19.2.4/node_modules/react": {
      "version": "19.2.4",
      "license": "MIT",
      "engines": {
        "node": ">=0.10.0"
      }
    },
    "../../node_modules/.pnpm/remark-gfm@4.0.1/node_modules/remark-gfm": {
      "version": "4.0.1",
      "license": "MIT",
      "dependencies": {
        "@types/mdast": "^4.0.0",
        "mdast-util-gfm": "^3.0.0",
        "micromark-extension-gfm": "^3.0.0",
        "remark-parse": "^11.0.0",
        "remark-stringify": "^11.0.0",
        "unified": "^11.0.0"
      },
      "devDependencies": {
        "@types/node": "^22.0.0",
        "c8": "^10.0.0",
        "is-hidden": "^2.0.0",
        "prettier": "^3.0.0",
        "remark": "^15.0.0",
        "remark-cli": "^12.0.0",
        "remark-preset-wooorm": "^11.0.0",
        "string-width": "^6.0.0",
        "to-vfile": "^8.0.0",
        "type-coverage": "^2.0.0",
        "typescript": "^5.0.0",
        "xo": "^0.60.0"
      },
      "funding": {
        "type": "opencollective",
        "url": "https://opencollective.com/unified"
      }
    },
    "../../node_modules/.pnpm/shiki@3.23.0/node_modules/shiki": {
      "version": "3.23.0",
      "license": "MIT",
      "dependencies": {
        "@shikijs/core": "3.23.0",
        "@shikijs/engine-javascript": "3.23.0",
        "@shikijs/engine-oniguruma": "3.23.0",
        "@shikijs/langs": "3.23.0",
        "@shikijs/themes": "3.23.0",
        "@shikijs/types": "3.23.0",
        "@shikijs/vscode-textmate": "^10.0.2",
        "@types/hast": "^3.0.4"
      },
      "devDependencies": {
        "rollup-plugin-copy": "^3.5.0",
        "tm-grammars": "^1.31.0",
        "tm-themes": "^1.12.0",
        "vscode-oniguruma": "1.7.0"
      }
    },
    "../../node_modules/.pnpm/tailwindcss@4.2.2/node_modules/tailwindcss": {
      "version": "4.2.2",
      "dev": true,
      "license": "MIT",
      "devDependencies": {
        "@jridgewell/remapping": "^2.3.5",
        "@tailwindcss/oxide": "^4.2.2",
        "@types/node": "^20.19.0",
        "dedent": "1.7.1",
        "lightningcss": "1.32.0",
        "magic-string": "^0.30.21",
        "source-map-js": "^1.2.1"
      }
    },
    "../../node_modules/.pnpm/typescript@5.9.3/node_modules/typescript": {
      "version": "5.9.3",
      "dev": true,
      "license": "Apache-2.0",
      "bin": {
        "tsc": "bin/tsc",
        "tsserver": "bin/tsserver"
      },
      "devDependencies": {
        "@dprint/formatter": "^0.4.1",
        "@dprint/typescript": "0.93.4",
        "@esfx/canceltoken": "^1.0.0",
        "@eslint/js": "^9.20.0",
        "@octokit/rest": "^21.1.1",
        "@types/chai": "^4.3.20",
        "@types/diff": "^7.0.1",
        "@types/minimist": "^1.2.5",
        "@types/mocha": "^10.0.10",
        "@types/ms": "^0.7.34",
        "@types/node": "latest",
        "@types/source-map-support": "^0.5.10",
        "@types/which": "^3.0.4",
        "@typescript-eslint/rule-tester": "^8.24.1",
        "@typescript-eslint/type-utils": "^8.24.1",
        "@typescript-eslint/utils": "^8.24.1",
        "azure-devops-node-api": "^14.1.0",
        "c8": "^10.1.3",
        "chai": "^4.5.0",
        "chokidar": "^4.0.3",
        "diff": "^7.0.0",
        "dprint": "^0.49.0",
        "esbuild": "^0.25.0",
        "eslint": "^9.20.1",
        "eslint-formatter-autolinkable-stylish": "^1.4.0",
        "eslint-plugin-regexp": "^2.7.0",
        "fast-xml-parser": "^4.5.2",
        "glob": "^10.4.5",
        "globals": "^15.15.0",
        "hereby": "^1.10.0",
        "jsonc-parser": "^3.3.1",
        "knip": "^5.44.4",
        "minimist": "^1.2.8",
        "mocha": "^10.8.2",
        "mocha-fivemat-progress-reporter": "^0.1.0",
        "monocart-coverage-reports": "^2.12.1",
        "ms": "^2.1.3",
        "picocolors": "^1.1.1",
        "playwright": "^1.50.1",
        "source-map-support": "^0.5.21",
        "tslib": "^2.8.1",
        "typescript": "^5.7.3",
        "typescript-eslint": "^8.24.1",
        "which": "^3.0.1"
      },
      "engines": {
        "node": ">=14.17"
      }
    },
    "node_modules/@babel/runtime": {
      "version": "7.29.2",
      "resolved": "https://registry.npmjs.org/@babel/runtime/-/runtime-7.29.2.tgz",
      "integrity": "sha512-JiDShH45zKHWyGe4ZNVRrCjBz8Nh9TMmZG1kh4QTK8hCBTWBi8Da+i7s1fJw7/lYpM4ccepSNfqzZ/QvABBi5g==",
      "license": "MIT",
      "engines": {
        "node": ">=6.9.0"
      }
    },
    "node_modules/@radix-ui/react-select": {
      "resolved": "../../node_modules/.pnpm/@radix-ui+react-select@2.2.6_@types+react-dom@19.2.3_@types+react@19.2.14_react-dom@19.2.4_react@19.2.4/node_modules/@radix-ui/react-select",
      "link": true
    },
    "node_modules/@tailwindcss/postcss": {
      "resolved": "../../node_modules/.pnpm/@tailwindcss+postcss@4.2.2/node_modules/@tailwindcss/postcss",
      "link": true
    },
    "node_modules/@tailwindcss/typography": {
      "resolved": "../../node_modules/.pnpm/@tailwindcss+typography@0.5.19_tailwindcss@4.2.2/node_modules/@tailwindcss/typography",
      "link": true
    },
    "node_modules/@types/hast": {
      "version": "3.0.4",
      "resolved": "https://registry.npmjs.org/@types/hast/-/hast-3.0.4.tgz",
      "integrity": "sha512-WPs+bbQw5aCj+x6laNGWLH3wviHtoCv/P3+otBhbOhJgG8qtpdAMlTCxLtsTWA7LH1Oh/bFCHsBn0TPS5m30EQ==",
      "license": "MIT",
      "dependencies": {
        "@types/unist": "*"
      }
    },
    "node_modules/@types/node": {
      "resolved": "../../node_modules/.pnpm/@types+node@22.19.15/node_modules/@types/node",
      "link": true
    },
    "node_modules/@types/prismjs": {
      "version": "1.26.6",
      "resolved": "https://registry.npmjs.org/@types/prismjs/-/prismjs-1.26.6.tgz",
      "integrity": "sha512-vqlvI7qlMvcCBbVe0AKAb4f97//Hy0EBTaiW8AalRnG/xAN5zOiWWyrNqNXeq8+KAuvRewjCVY1+IPxk4RdNYw==",
      "license": "MIT"
    },
    "node_modules/@types/react": {
      "resolved": "../../node_modules/.pnpm/@types+react@19.2.14/node_modules/@types/react",
      "link": true
    },
    "node_modules/@types/react-dom": {
      "resolved": "../../node_modules/.pnpm/@types+react-dom@19.2.3_@types+react@19.2.14/node_modules/@types/react-dom",
      "link": true
    },
    "node_modules/@types/react-syntax-highlighter": {
      "version": "15.5.13",
      "resolved": "https://registry.npmjs.org/@types/react-syntax-highlighter/-/react-syntax-highlighter-15.5.13.tgz",
      "integrity": "sha512-uLGJ87j6Sz8UaBAooU0T6lWJ0dBmjZgN1PZTrj05TNql2/XpC6+4HhMT5syIdFUUt+FASfCeLLv4kBygNU+8qA==",
      "license": "MIT",
      "dependencies": {
        "@types/react": "*"
      }
    },
    "node_modules/@types/unist": {
      "version": "3.0.3",
      "resolved": "https://registry.npmjs.org/@types/unist/-/unist-3.0.3.tgz",
      "integrity": "sha512-ko/gIFJRv177XgZsZcBwnqJN5x/Gien8qNOn0D5bQU/zAzVf9Zt3BlcUiLqhV9y4ARk0GbT3tnUiPNgnTXzc/Q==",
      "license": "MIT"
    },
    "node_modules/character-entities": {
      "version": "2.0.2",
      "resolved": "https://registry.npmjs.org/character-entities/-/character-entities-2.0.2.tgz",
      "integrity": "sha512-shx7oQ0Awen/BRIdkjkvz54PnEEI/EjwXDSIZp86/KKdbafHh1Df/RYGBhn4hbe2+uKC9FnT5UCEdyPz3ai9hQ==",
      "license": "MIT",
      "funding": {
        "type": "github",
        "url": "https://github.com/sponsors/wooorm"
      }
    },
    "node_modules/character-entities-legacy": {
      "version": "3.0.0",
      "resolved": "https://registry.npmjs.org/character-entities-legacy/-/character-entities-legacy-3.0.0.tgz",
      "integrity": "sha512-RpPp0asT/6ufRm//AJVwpViZbGM/MkjQFxJccQRHmISF/22NBtsHqAWmL+/pmkPWoIUJdWyeVleTl1wydHATVQ==",
      "license": "MIT",
      "funding": {
        "type": "github",
        "url": "https://github.com/sponsors/wooorm"
      }
    },
    "node_modules/character-reference-invalid": {
      "version": "2.0.1",
      "resolved": "https://registry.npmjs.org/character-reference-invalid/-/character-reference-invalid-2.0.1.tgz",
      "integrity": "sha512-iBZ4F4wRbyORVsu0jPV7gXkOsGYjGHPmAyv+HiHG8gi5PtC9KI2j1+v8/tlibRvjoWX027ypmG/n0HtO5t7unw==",
      "license": "MIT",
      "funding": {
        "type": "github",
        "url": "https://github.com/sponsors/wooorm"
      }
    },
    "node_modules/clsx": {
      "version": "2.1.1",
      "resolved": "https://registry.npmjs.org/clsx/-/clsx-2.1.1.tgz",
      "integrity": "sha512-eYm0QWBtUrBWZWG0d386OGAw16Z995PiOVo2B7bjWSbHedGl5e0ZWaq65kOGgUSNesEIDkB9ISbTg/JK9dhCZA==",
      "license": "MIT",
      "engines": {
        "node": ">=6"
      }
    },
    "node_modules/comma-separated-tokens": {
      "version": "2.0.3",
      "resolved": "https://registry.npmjs.org/comma-separated-tokens/-/comma-separated-tokens-2.0.3.tgz",
      "integrity": "sha512-Fu4hJdvzeylCfQPp9SGWidpzrMs7tTrlu6Vb8XGaRGck8QSNZJJp538Wrb60Lax4fPwR64ViY468OIUTbRlGZg==",
      "license": "MIT",
      "funding": {
        "type": "github",
        "url": "https://github.com/sponsors/wooorm"
      }
    },
    "node_modules/decode-named-character-reference": {
      "version": "1.3.0",
      "resolved": "https://registry.npmjs.org/decode-named-character-reference/-/decode-named-character-reference-1.3.0.tgz",
      "integrity": "sha512-GtpQYB283KrPp6nRw50q3U9/VfOutZOe103qlN7BPP6Ad27xYnOIWv4lPzo8HCAL+mMZofJ9KEy30fq6MfaK6Q==",
      "license": "MIT",
      "dependencies": {
        "character-entities": "^2.0.0"
      },
      "funding": {
        "type": "github",
        "url": "https://github.com/sponsors/wooorm"
      }
    },
    "node_modules/fault": {
      "version": "1.0.4",
      "resolved": "https://registry.npmjs.org/fault/-/fault-1.0.4.tgz",
      "integrity": "sha512-CJ0HCB5tL5fYTEA7ToAq5+kTwd++Borf1/bifxd9iT70QcXr4MRrO3Llf8Ifs70q+SJcGHFtnIE/Nw6giCtECA==",
      "license": "MIT",
      "dependencies": {
        "format": "^0.2.0"
      },
      "funding": {
        "type": "github",
        "url": "https://github.com/sponsors/wooorm"
      }
    },
    "node_modules/flexsearch": {
      "resolved": "../../node_modules/.pnpm/flexsearch@0.7.43/node_modules/flexsearch",
      "link": true
    },
    "node_modules/format": {
      "version": "0.2.2",
      "resolved": "https://registry.npmjs.org/format/-/format-0.2.2.tgz",
      "integrity": "sha512-wzsgA6WOq+09wrU1tsJ09udeR/YZRaeArL9e1wPbFg3GG2yDnC2ldKpxs4xunpFF9DgqCqOIra3bc1HWrJ37Ww==",
      "engines": {
        "node": ">=0.4.x"
      }
    },
    "node_modules/framer-motion": {
      "version": "12.38.0",
      "resolved": "https://registry.npmjs.org/framer-motion/-/framer-motion-12.38.0.tgz",
      "integrity": "sha512-rFYkY/pigbcswl1XQSb7q424kSTQ8q6eAC+YUsSKooHQYuLdzdHjrt6uxUC+PRAO++q5IS7+TamgIw1AphxR+g==",
      "license": "MIT",
      "dependencies": {
        "motion-dom": "^12.38.0",
        "motion-utils": "^12.36.0",
        "tslib": "^2.4.0"
      },
      "peerDependencies": {
        "@emotion/is-prop-valid": "*",
        "react": "^18.0.0 || ^19.0.0",
        "react-dom": "^18.0.0 || ^19.0.0"
      },
      "peerDependenciesMeta": {
        "@emotion/is-prop-valid": {
          "optional": true
        },
        "react": {
          "optional": true
        },
        "react-dom": {
          "optional": true
        }
      }
    },
    "node_modules/gray-matter": {
      "resolved": "../../node_modules/.pnpm/gray-matter@4.0.3/node_modules/gray-matter",
      "link": true
    },
    "node_modules/hast-util-parse-selector": {
      "version": "4.0.0",
      "resolved": "https://registry.npmjs.org/hast-util-parse-selector/-/hast-util-parse-selector-4.0.0.tgz",
      "integrity": "sha512-wkQCkSYoOGCRKERFWcxMVMOcYE2K1AaNLU8DXS9arxnLOUEWbOXKXiJUNzEpqZ3JOKpnha3jkFrumEjVliDe7A==",
      "license": "MIT",
      "dependencies": {
        "@types/hast": "^3.0.0"
      },
      "funding": {
        "type": "opencollective",
        "url": "https://opencollective.com/unified"
      }
    },
    "node_modules/hastscript": {
      "version": "9.0.1",
      "resolved": "https://registry.npmjs.org/hastscript/-/hastscript-9.0.1.tgz",
      "integrity": "sha512-g7df9rMFX/SPi34tyGCyUBREQoKkapwdY/T04Qn9TDWfHhAYt4/I0gMVirzK5wEzeUqIjEB+LXC/ypb7Aqno5w==",
      "license": "MIT",
      "dependencies": {
        "@types/hast": "^3.0.0",
        "comma-separated-tokens": "^2.0.0",
        "hast-util-parse-selector": "^4.0.0",
        "property-information": "^7.0.0",
        "space-separated-tokens": "^2.0.0"
      },
      "funding": {
        "type": "opencollective",
        "url": "https://opencollective.com/unified"
      }
    },
    "node_modules/highlight.js": {
      "version": "10.7.3",
      "resolved": "https://registry.npmjs.org/highlight.js/-/highlight.js-10.7.3.tgz",
      "integrity": "sha512-tzcUFauisWKNHaRkN4Wjl/ZA07gENAjFl3J/c480dprkGTg5EQstgaNFqBfUqCq54kZRIEcreTsAgF/m2quD7A==",
      "license": "BSD-3-Clause",
      "engines": {
        "node": "*"
      }
    },
    "node_modules/highlightjs-vue": {
      "version": "1.0.0",
      "resolved": "https://registry.npmjs.org/highlightjs-vue/-/highlightjs-vue-1.0.0.tgz",
      "integrity": "sha512-PDEfEF102G23vHmPhLyPboFCD+BkMGu+GuJe2d9/eH4FsCwvgBpnc9n0pGE+ffKdph38s6foEZiEjdgHdzp+IA==",
      "license": "CC0-1.0"
    },
    "node_modules/is-alphabetical": {
      "version": "2.0.1",
      "resolved": "https://registry.npmjs.org/is-alphabetical/-/is-alphabetical-2.0.1.tgz",
      "integrity": "sha512-FWyyY60MeTNyeSRpkM2Iry0G9hpr7/9kD40mD/cGQEuilcZYS4okz8SN2Q6rLCJ8gbCt6fN+rC+6tMGS99LaxQ==",
      "license": "MIT",
      "funding": {
        "type": "github",
        "url": "https://github.com/sponsors/wooorm"
      }
    },
    "node_modules/is-alphanumerical": {
      "version": "2.0.1",
      "resolved": "https://registry.npmjs.org/is-alphanumerical/-/is-alphanumerical-2.0.1.tgz",
      "integrity": "sha512-hmbYhX/9MUMF5uh7tOXyK/n0ZvWpad5caBA17GsC6vyuCqaWliRG5K1qS9inmUhEMaOBIW7/whAnSwveW/LtZw==",
      "license": "MIT",
      "dependencies": {
        "is-alphabetical": "^2.0.0",
        "is-decimal": "^2.0.0"
      },
      "funding": {
        "type": "github",
        "url": "https://github.com/sponsors/wooorm"
      }
    },
    "node_modules/is-decimal": {
      "version": "2.0.1",
      "resolved": "https://registry.npmjs.org/is-decimal/-/is-decimal-2.0.1.tgz",
      "integrity": "sha512-AAB9hiomQs5DXWcRB1rqsxGUstbRroFOPPVAomNk/3XHR5JyEZChOyTWe2oayKnsSsr/kcGqF+z6yuH6HHpN0A==",
      "license": "MIT",
      "funding": {
        "type": "github",
        "url": "https://github.com/sponsors/wooorm"
      }
    },
    "node_modules/is-hexadecimal": {
      "version": "2.0.1",
      "resolved": "https://registry.npmjs.org/is-hexadecimal/-/is-hexadecimal-2.0.1.tgz",
      "integrity": "sha512-DgZQp241c8oO6cA1SbTEWiXeoxV42vlcJxgH+B3hi1AiqqKruZR3ZGF8In3fj4+/y/7rHvlOZLZtgJ/4ttYGZg==",
      "license": "MIT",
      "funding": {
        "type": "github",
        "url": "https://github.com/sponsors/wooorm"
      }
    },
    "node_modules/lowlight": {
      "version": "1.20.0",
      "resolved": "https://registry.npmjs.org/lowlight/-/lowlight-1.20.0.tgz",
      "integrity": "sha512-8Ktj+prEb1RoCPkEOrPMYUN/nCggB7qAWe3a7OpMjWQkh3l2RD5wKRQ+o8Q8YuI9RG/xs95waaI/E6ym/7NsTw==",
      "license": "MIT",
      "dependencies": {
        "fault": "^1.0.0",
        "highlight.js": "~10.7.0"
      },
      "funding": {
        "type": "github",
        "url": "https://github.com/sponsors/wooorm"
      }
    },
    "node_modules/lucide-react": {
      "version": "1.7.0",
      "resolved": "https://registry.npmjs.org/lucide-react/-/lucide-react-1.7.0.tgz",
      "integrity": "sha512-yI7BeItCLZJTXikmK4KNUGCKoGzSvbKlfCvw44bU4fXAL6v3gYS4uHD1jzsLkfwODYwI6Drw5Tu9Z5ulDe0TSg==",
      "license": "ISC",
      "peerDependencies": {
        "react": "^16.5.1 || ^17.0.0 || ^18.0.0 || ^19.0.0"
      }
    },
    "node_modules/mermaid": {
      "resolved": "../../node_modules/.pnpm/mermaid@11.13.0/node_modules/mermaid",
      "link": true
    },
    "node_modules/motion": {
      "version": "12.38.0",
      "resolved": "https://registry.npmjs.org/motion/-/motion-12.38.0.tgz",
      "integrity": "sha512-uYfXzeHlgThchzwz5Te47dlv5JOUC7OB4rjJ/7XTUgtBZD8CchMN8qEJ4ZVsUmTyYA44zjV0fBwsiktRuFnn+w==",
      "license": "MIT",
      "dependencies": {
        "framer-motion": "^12.38.0",
        "tslib": "^2.4.0"
      },
      "peerDependencies": {
        "@emotion/is-prop-valid": "*",
        "react": "^18.0.0 || ^19.0.0",
        "react-dom": "^18.0.0 || ^19.0.0"
      },
      "peerDependenciesMeta": {
        "@emotion/is-prop-valid": {
          "optional": true
        },
        "react": {
          "optional": true
        },
        "react-dom": {
          "optional": true
        }
      }
    },
    "node_modules/motion-dom": {
      "version": "12.38.0",
      "resolved": "https://registry.npmjs.org/motion-dom/-/motion-dom-12.38.0.tgz",
      "integrity": "sha512-pdkHLD8QYRp8VfiNLb8xIBJis1byQ9gPT3Jnh2jqfFtAsWUA3dEepDlsWe/xMpO8McV+VdpKVcp+E+TGJEtOoA==",
      "license": "MIT",
      "dependencies": {
        "motion-utils": "^12.36.0"
      }
    },
    "node_modules/motion-utils": {
      "version": "12.36.0",
      "resolved": "https://registry.npmjs.org/motion-utils/-/motion-utils-12.36.0.tgz",
      "integrity": "sha512-eHWisygbiwVvf6PZ1vhaHCLamvkSbPIeAYxWUuL3a2PD/TROgE7FvfHWTIH4vMl798QLfMw15nRqIaRDXTlYRg==",
      "license": "MIT"
    },
    "node_modules/next": {
      "resolved": "../../node_modules/.pnpm/next@15.5.14_react-dom@19.2.4_react@19.2.4/node_modules/next",
      "link": true
    },
    "node_modules/next-intl": {
      "resolved": "../../node_modules/.pnpm/next-intl@4.8.3_next@15.5.14_react@19.2.4_typescript@5.9.3/node_modules/next-intl",
      "link": true
    },
    "node_modules/next-mdx-remote": {
      "resolved": "../../node_modules/.pnpm/next-mdx-remote@5.0.0_@types+react@19.2.14_react@19.2.4/node_modules/next-mdx-remote",
      "link": true
    },
    "node_modules/parse-entities": {
      "version": "4.0.2",
      "resolved": "https://registry.npmjs.org/parse-entities/-/parse-entities-4.0.2.tgz",
      "integrity": "sha512-GG2AQYWoLgL877gQIKeRPGO1xF9+eG1ujIb5soS5gPvLQ1y2o8FL90w2QWNdf9I361Mpp7726c+lj3U0qK1uGw==",
      "license": "MIT",
      "dependencies": {
        "@types/unist": "^2.0.0",
        "character-entities-legacy": "^3.0.0",
        "character-reference-invalid": "^2.0.0",
        "decode-named-character-reference": "^1.0.0",
        "is-alphanumerical": "^2.0.0",
        "is-decimal": "^2.0.0",
        "is-hexadecimal": "^2.0.0"
      },
      "funding": {
        "type": "github",
        "url": "https://github.com/sponsors/wooorm"
      }
    },
    "node_modules/parse-entities/node_modules/@types/unist": {
      "version": "2.0.11",
      "resolved": "https://registry.npmjs.org/@types/unist/-/unist-2.0.11.tgz",
      "integrity": "sha512-CmBKiL6NNo/OqgmMn95Fk9Whlp2mtvIv+KNpQKN2F4SjvrEesubTRWGYSg+BnWZOnlCaSTU1sMpsBOzgbYhnsA==",
      "license": "MIT"
    },
    "node_modules/prismjs": {
      "version": "1.30.0",
      "resolved": "https://registry.npmjs.org/prismjs/-/prismjs-1.30.0.tgz",
      "integrity": "sha512-DEvV2ZF2r2/63V+tK8hQvrR2ZGn10srHbXviTlcv7Kpzw8jWiNTqbVgjO3IY8RxrrOUF8VPMQQFysYYYv0YZxw==",
      "license": "MIT",
      "engines": {
        "node": ">=6"
      }
    },
    "node_modules/property-information": {
      "version": "7.1.0",
      "resolved": "https://registry.npmjs.org/property-information/-/property-information-7.1.0.tgz",
      "integrity": "sha512-TwEZ+X+yCJmYfL7TPUOcvBZ4QfoT5YenQiJuX//0th53DE6w0xxLEtfK3iyryQFddXuvkIk51EEgrJQ0WJkOmQ==",
      "license": "MIT",
      "funding": {
        "type": "github",
        "url": "https://github.com/sponsors/wooorm"
      }
    },
    "node_modules/react": {
      "resolved": "../../node_modules/.pnpm/react@19.2.4/node_modules/react",
      "link": true
    },
    "node_modules/react-dom": {
      "resolved": "../../node_modules/.pnpm/react-dom@19.2.4_react@19.2.4/node_modules/react-dom",
      "link": true
    },
    "node_modules/react-syntax-highlighter": {
      "version": "16.1.1",
      "resolved": "https://registry.npmjs.org/react-syntax-highlighter/-/react-syntax-highlighter-16.1.1.tgz",
      "integrity": "sha512-PjVawBGy80C6YbC5DDZJeUjBmC7skaoEUdvfFQediQHgCL7aKyVHe57SaJGfQsloGDac+gCpTfRdtxzWWKmCXA==",
      "license": "MIT",
      "dependencies": {
        "@babel/runtime": "^7.28.4",
        "highlight.js": "^10.4.1",
        "highlightjs-vue": "^1.0.0",
        "lowlight": "^1.17.0",
        "prismjs": "^1.30.0",
        "refractor": "^5.0.0"
      },
      "engines": {
        "node": ">= 16.20.2"
      },
      "peerDependencies": {
        "react": ">= 0.14.0"
      }
    },
    "node_modules/refractor": {
      "version": "5.0.0",
      "resolved": "https://registry.npmjs.org/refractor/-/refractor-5.0.0.tgz",
      "integrity": "sha512-QXOrHQF5jOpjjLfiNk5GFnWhRXvxjUVnlFxkeDmewR5sXkr3iM46Zo+CnRR8B+MDVqkULW4EcLVcRBNOPXHosw==",
      "license": "MIT",
      "dependencies": {
        "@types/hast": "^3.0.0",
        "@types/prismjs": "^1.0.0",
        "hastscript": "^9.0.0",
        "parse-entities": "^4.0.0"
      },
      "funding": {
        "type": "github",
        "url": "https://github.com/sponsors/wooorm"
      }
    },
    "node_modules/remark-gfm": {
      "resolved": "../../node_modules/.pnpm/remark-gfm@4.0.1/node_modules/remark-gfm",
      "link": true
    },
    "node_modules/shiki": {
      "resolved": "../../node_modules/.pnpm/shiki@3.23.0/node_modules/shiki",
      "link": true
    },
    "node_modules/space-separated-tokens": {
      "version": "2.0.2",
      "resolved": "https://registry.npmjs.org/space-separated-tokens/-/space-separated-tokens-2.0.2.tgz",
      "integrity": "sha512-PEGlAwrG8yXGXRjW32fGbg66JAlOAwbObuqVoJpv/mRgoWDQfgH1wDPvtzWyUSNAXBGSk8h755YDbbcEy3SH2Q==",
      "license": "MIT",
      "funding": {
        "type": "github",
        "url": "https://github.com/sponsors/wooorm"
      }
    },
    "node_modules/tailwind-merge": {
      "version": "3.5.0",
      "resolved": "https://registry.npmjs.org/tailwind-merge/-/tailwind-merge-3.5.0.tgz",
      "integrity": "sha512-I8K9wewnVDkL1NTGoqWmVEIlUcB9gFriAEkXkfCjX5ib8ezGxtR3xD7iZIxrfArjEsH7F1CHD4RFUtxefdqV/A==",
      "license": "MIT",
      "funding": {
        "type": "github",
        "url": "https://github.com/sponsors/dcastil"
      }
    },
    "node_modules/tailwindcss": {
      "resolved": "../../node_modules/.pnpm/tailwindcss@4.2.2/node_modules/tailwindcss",
      "link": true
    },
    "node_modules/tslib": {
      "version": "2.8.1",
      "resolved": "https://registry.npmjs.org/tslib/-/tslib-2.8.1.tgz",
      "integrity": "sha512-oJFu94HQb+KVduSUQL7wnpmqnfmLsOA/nAh6b6EH0wCEoK0/mPeXU6c3wKDV83MkOuHPRHtSXKKU99IBazS/2w==",
      "license": "0BSD"
    },
    "node_modules/typescript": {
      "resolved": "../../node_modules/.pnpm/typescript@5.9.3/node_modules/typescript",
      "link": true
    },
    "node_modules/@next/swc-darwin-arm64": {
      "version": "15.5.14",
      "resolved": "https://registry.npmjs.org/@next/swc-darwin-arm64/-/swc-darwin-arm64-15.5.14.tgz",
      "integrity": "sha512-Y9K6SPzobnZvrRDPO2s0grgzC+Egf0CqfbdvYmQVaztV890zicw8Z8+4Vqw8oPck8r1TjUHxVh8299Cg4TrxXg==",
      "cpu": [
        "arm64"
      ],
      "optional": true,
      "os": [
        "darwin"
      ],
      "engines": {
        "node": ">= 10"
      }
    },
    "node_modules/@next/swc-darwin-x64": {
      "version": "15.5.14",
      "resolved": "https://registry.npmjs.org/@next/swc-darwin-x64/-/swc-darwin-x64-15.5.14.tgz",
      "integrity": "sha512-aNnkSMjSFRTOmkd7qoNI2/rETQm/vKD6c/Ac9BZGa9CtoOzy3c2njgz7LvebQJ8iPxdeTuGnAjagyis8a9ifBw==",
      "cpu": [
        "x64"
      ],
      "optional": true,
      "os": [
        "darwin"
      ],
      "engines": {
        "node": ">= 10"
      }
    },
    "node_modules/@next/swc-linux-arm64-gnu": {
      "version": "15.5.14",
      "resolved": "https://registry.npmjs.org/@next/swc-linux-arm64-gnu/-/swc-linux-arm64-gnu-15.5.14.tgz",
      "integrity": "sha512-tjlpia+yStPRS//6sdmlVwuO1Rioern4u2onafa5n+h2hCS9MAvMXqpVbSrjgiEOoCs0nJy7oPOmWgtRRNSM5Q==",
      "cpu": [
        "arm64"
      ],
      "optional": true,
      "os": [
        "linux"
      ],
      "engines": {
        "node": ">= 10"
      }
    },
    "node_modules/@next/swc-linux-arm64-musl": {
      "version": "15.5.14",
      "resolved": "https://registry.npmjs.org/@next/swc-linux-arm64-musl/-/swc-linux-arm64-musl-15.5.14.tgz",
      "integrity": "sha512-8B8cngBaLadl5lbDRdxGCP1Lef8ipD6KlxS3v0ElDAGil6lafrAM3B258p1KJOglInCVFUjk751IXMr2ixeQOQ==",
      "cpu": [
        "arm64"
      ],
      "optional": true,
      "os": [
        "linux"
      ],
      "engines": {
        "node": ">= 10"
      }
    },
    "node_modules/@next/swc-linux-x64-gnu": {
      "version": "15.5.14",
      "resolved": "https://registry.npmjs.org/@next/swc-linux-x64-gnu/-/swc-linux-x64-gnu-15.5.14.tgz",
      "integrity": "sha512-bAS6tIAg8u4Gn3Nz7fCPpSoKAexEt2d5vn1mzokcqdqyov6ZJ6gu6GdF9l8ORFrBuRHgv3go/RfzYz5BkZ6YSQ==",
      "cpu": [
        "x64"
      ],
      "optional": true,
      "os": [
        "linux"
      ],
      "engines": {
        "node": ">= 10"
      }
    },
    "node_modules/@next/swc-linux-x64-musl": {
      "version": "15.5.14",
      "resolved": "https://registry.npmjs.org/@next/swc-linux-x64-musl/-/swc-linux-x64-musl-15.5.14.tgz",
      "integrity": "sha512-mMxv/FcrT7Gfaq4tsR22l17oKWXZmH/lVqcvjX0kfp5I0lKodHYLICKPoX1KRnnE+ci6oIUdriUhuA3rBCDiSw==",
      "cpu": [
        "x64"
      ],
      "optional": true,
      "os": [
        "linux"
      ],
      "engines": {
        "node": ">= 10"
      }
    },
    "node_modules/@next/swc-win32-arm64-msvc": {
      "version": "15.5.14",
      "resolved": "https://registry.npmjs.org/@next/swc-win32-arm64-msvc/-/swc-win32-arm64-msvc-15.5.14.tgz",
      "integrity": "sha512-OTmiBlYThppnvnsqx0rBqjDRemlmIeZ8/o4zI7veaXoeO1PVHoyj2lfTfXTiiGjCyRDhA10y4h6ZvZvBiynr2g==",
      "cpu": [
        "arm64"
      ],
      "optional": true,
      "os": [
        "win32"
      ],
      "engines": {
        "node": ">= 10"
      }
    },
    "node_modules/@next/swc-win32-x64-msvc": {
      "version": "15.5.14",
      "resolved": "https://registry.npmjs.org/@next/swc-win32-x64-msvc/-/swc-win32-x64-msvc-15.5.14.tgz",
      "integrity": "sha512-+W7eFf3RS7m4G6tppVTOSyP9Y6FsJXfOuKzav1qKniiFm3KFByQfPEcouHdjlZmysl4zJGuGLQ/M9XyVeyeNEg==",
      "cpu": [
        "x64"
      ],
      "optional": true,
      "os": [
        "win32"
      ],
      "engines": {
        "node": ">= 10"
      }
    }
  }
}
